
Microsoft Visual Studio Solution File, Format Version 12.00
# Visual Studio Version 16
VisualStudioVersion = 16.0.31515.178
MinimumVisualStudioVersion = 10.0.40219.1
Project("{FAE04EC0-301F-11D3-BF4B-00C04F79EFBC}") = "BankAPI", "BankAPI\BankAPI.csproj", "{EE403016-B123-4D5F-8C11-BB77F9E58841}"
EndProject
Global
	GlobalSection(SolutionConfigurationPlatforms) = preSolution
		Debug|Any CPU = Debug|Any CPU
		Release|Any CPU = Release|Any CPU
	EndGlobalSection
	GlobalSection(ProjectConfigurationPlatforms) = postSolution
		{EE403016-B123-4D5F-8C11-BB77F9E58841}.Debug|Any CPU.ActiveCfg = Debug|Any CPU
		{EE403016-B123-4D5F-8C11-BB77F9E58841}.Debug|Any CPU.Build.0 = Debug|Any CPU
		{EE403016-B123-4D5F-8C11-BB77F9E58841}.Release|Any CPU.ActiveCfg = Release|Any CPU
		{EE403016-B123-4D5F-8C11-BB77F9E58841}.Release|Any CPU.Build.0 = Release|Any CPU
	EndGlobalSection
	GlobalSection(SolutionProperties) = preSolution
		HideSolutionNode = FALSE
	EndGlobalSection
	GlobalSection(ExtensibilityGlobals) = postSolution
		SolutionGuid = {557E1F8B-8124-40BD-9C97-E63AB161E363}
	EndGlobalSection
EndGlobal
